
Microsoft Visual Studio Solution File, Format Version 12.00
# Visual Studio Version 17
VisualStudioVersion = 17.5.002.0
MinimumVisualStudioVersion = 10.0.40219.1
Project("{2150E333-8FDC-42A3-9474-1A3956D46DE8}") = "src", "src", "{D1CE5BB5-CEB9-4F14-9C8C-F4815F127D80}"
EndProject
Project("{9A19103F-16F7-4668-BE54-9A1E7A4F7556}") = "dbupdemo", "src\dbupdemo\dbupdemo.csproj", "{1D96D217-0F64-4E90-BB10-C49415CC5713}"
EndProject
Project("{2150E333-8FDC-42A3-9474-1A3956D46DE8}") = "test", "test", "{3CD64773-079F-420D-8C8F-00A41642332F}"
EndProject
Project("{9A19103F-16F7-4668-BE54-9A1E7A4F7556}") = "dbupdemo.Tests", "test\dbupdemo.Tests\dbupdemo.Tests.csproj", "{6047D8FF-0B64-4ADC-9F93-B813D308CF79}"
EndProject
Global
	GlobalSection(SolutionConfigurationPlatforms) = preSolution
		Debug|Any CPU = Debug|Any CPU
		Release|Any CPU = Release|Any CPU
	EndGlobalSection
	GlobalSection(ProjectConfigurationPlatforms) = postSolution
		{1D96D217-0F64-4E90-BB10-C49415CC5713}.Debug|Any CPU.ActiveCfg = Debug|Any CPU
		{1D96D217-0F64-4E90-BB10-C49415CC5713}.Debug|Any CPU.Build.0 = Debug|Any CPU
		{1D96D217-0F64-4E90-BB10-C49415CC5713}.Release|Any CPU.ActiveCfg = Release|Any CPU
		{1D96D217-0F64-4E90-BB10-C49415CC5713}.Release|Any CPU.Build.0 = Release|Any CPU
		{6047D8FF-0B64-4ADC-9F93-B813D308CF79}.Debug|Any CPU.ActiveCfg = Debug|Any CPU
		{6047D8FF-0B64-4ADC-9F93-B813D308CF79}.Debug|Any CPU.Build.0 = Debug|Any CPU
		{6047D8FF-0B64-4ADC-9F93-B813D308CF79}.Release|Any CPU.ActiveCfg = Release|Any CPU
		{6047D8FF-0B64-4ADC-9F93-B813D308CF79}.Release|Any CPU.Build.0 = Release|Any CPU
	EndGlobalSection
	GlobalSection(SolutionProperties) = preSolution
		HideSolutionNode = FALSE
	EndGlobalSection
	GlobalSection(NestedProjects) = preSolution
		{1D96D217-0F64-4E90-BB10-C49415CC5713} = {D1CE5BB5-CEB9-4F14-9C8C-F4815F127D80}
		{6047D8FF-0B64-4ADC-9F93-B813D308CF79} = {3CD64773-079F-420D-8C8F-00A41642332F}
	EndGlobalSection
	GlobalSection(ExtensibilityGlobals) = postSolution
		SolutionGuid = {2BE85D05-A32F-40F3-B631-431DB49CCBA0}
	EndGlobalSection
EndGlobal
